
Microsoft Visual Studio Solution File, Format Version 12.00
# Visual Studio Version 17
VisualStudioVersion = 17.8.34330.188
MinimumVisualStudioVersion = 10.0.40219.1
Project("{FAE04EC0-301F-11D3-BF4B-00C04F79EFBC}") = "Huella.Android", "Huella\Huella.Android\Huella.Android.csproj", "{6C8EAB52-5C03-42A7-B2CE-517A19A35171}"
EndProject
Project("{FAE04EC0-301F-11D3-BF4B-00C04F79EFBC}") = "Huella.iOS", "Huella\Huella.iOS\Huella.iOS.csproj", "{AD77C73C-02CE-4471-BBCB-38175587E2CB}"
EndProject
Project("{FAE04EC0-301F-11D3-BF4B-00C04F79EFBC}") = "Huella", "Huella\Huella\Huella.csproj", "{940B4A7B-B83C-4F78-912B-7334DBFC1639}"
EndProject
Global
	GlobalSection(SolutionConfigurationPlatforms) = preSolution
		Debug|Any CPU = Debug|Any CPU
		Debug|iPhone = Debug|iPhone
		Debug|iPhoneSimulator = Debug|iPhoneSimulator
		Release|Any CPU = Release|Any CPU
		Release|iPhone = Release|iPhone
		Release|iPhoneSimulator = Release|iPhoneSimulator
	EndGlobalSection
	GlobalSection(ProjectConfigurationPlatforms) = postSolution
		{6C8EAB52-5C03-42A7-B2CE-517A19A35171}.Debug|Any CPU.ActiveCfg = Debug|Any CPU
		{6C8EAB52-5C03-42A7-B2CE-517A19A35171}.Debug|Any CPU.Build.0 = Debug|Any CPU
		{6C8EAB52-5C03-42A7-B2CE-517A19A35171}.Debug|Any CPU.Deploy.0 = Debug|Any CPU
		{6C8EAB52-5C03-42A7-B2CE-517A19A35171}.Debug|iPhone.ActiveCfg = Debug|Any CPU
		{6C8EAB52-5C03-42A7-B2CE-517A19A35171}.Debug|iPhone.Build.0 = Debug|Any CPU
		{6C8EAB52-5C03-42A7-B2CE-517A19A35171}.Debug|iPhone.Deploy.0 = Debug|Any CPU
		{6C8EAB52-5C03-42A7-B2CE-517A19A35171}.Debug|iPhoneSimulator.ActiveCfg = Debug|Any CPU
		{6C8EAB52-5C03-42A7-B2CE-517A19A35171}.Debug|iPhoneSimulator.Build.0 = Debug|Any CPU
		{6C8EAB52-5C03-42A7-B2CE-517A19A35171}.Debug|iPhoneSimulator.Deploy.0 = Debug|Any CPU
		{6C8EAB52-5C03-42A7-B2CE-517A19A35171}.Release|Any CPU.ActiveCfg = Release|Any CPU
		{6C8EAB52-5C03-42A7-B2CE-517A19A35171}.Release|Any CPU.Build.0 = Release|Any CPU
		{6C8EAB52-5C03-42A7-B2CE-517A19A35171}.Release|Any CPU.Deploy.0 = Release|Any CPU
		{6C8EAB52-5C03-42A7-B2CE-517A19A35171}.Release|iPhone.ActiveCfg = Release|Any CPU
		{6C8EAB52-5C03-42A7-B2CE-517A19A35171}.Release|iPhone.Build.0 = Release|Any CPU
		{6C8EAB52-5C03-42A7-B2CE-517A19A35171}.Release|iPhone.Deploy.0 = Release|Any CPU
		{6C8EAB52-5C03-42A7-B2CE-517A19A35171}.Release|iPhoneSimulator.ActiveCfg = Release|Any CPU
		{6C8EAB52-5C03-42A7-B2CE-517A19A35171}.Release|iPhoneSimulator.Build.0 = Release|Any CPU
		{6C8EAB52-5C03-42A7-B2CE-517A19A35171}.Release|iPhoneSimulator.Deploy.0 = Release|Any CPU
		{AD77C73C-02CE-4471-BBCB-38175587E2CB}.Debug|Any CPU.ActiveCfg = Debug|iPhone
		{AD77C73C-02CE-4471-BBCB-38175587E2CB}.Debug|Any CPU.Build.0 = Debug|iPhone
		{AD77C73C-02CE-4471-BBCB-38175587E2CB}.Debug|Any CPU.Deploy.0 = Debug|iPhone
		{AD77C73C-02CE-4471-BBCB-38175587E2CB}.Debug|iPhone.ActiveCfg = Debug|iPhone
		{AD77C73C-02CE-4471-BBCB-38175587E2CB}.Debug|iPhone.Build.0 = Debug|iPhone
		{AD77C73C-02CE-4471-BBCB-38175587E2CB}.Debug|iPhone.Deploy.0 = Debug|iPhone
		{AD77C73C-02CE-4471-BBCB-38175587E2CB}.Debug|iPhoneSimulator.ActiveCfg = Debug|iPhoneSimulator
		{AD77C73C-02CE-4471-BBCB-38175587E2CB}.Debug|iPhoneSimulator.Build.0 = Debug|iPhoneSimulator
		{AD77C73C-02CE-4471-BBCB-38175587E2CB}.Debug|iPhoneSimulator.Deploy.0 = Debug|iPhoneSimulator
		{AD77C73C-02CE-4471-BBCB-38175587E2CB}.Release|Any CPU.ActiveCfg = Release|iPhoneSimulator
		{AD77C73C-02CE-4471-BBCB-38175587E2CB}.Release|Any CPU.Build.0 = Release|iPhoneSimulator
		{AD77C73C-02CE-4471-BBCB-38175587E2CB}.Release|Any CPU.Deploy.0 = Release|iPhoneSimulator
		{AD77C73C-02CE-4471-BBCB-38175587E2CB}.Release|iPhone.ActiveCfg = Release|iPhone
		{AD77C73C-02CE-4471-BBCB-38175587E2CB}.Release|iPhone.Build.0 = Release|iPhone
		{AD77C73C-02CE-4471-BBCB-38175587E2CB}.Release|iPhone.Deploy.0 = Release|iPhone
		{AD77C73C-02CE-4471-BBCB-38175587E2CB}.Release|iPhoneSimulator.ActiveCfg = Release|iPhoneSimulator
		{AD77C73C-02CE-4471-BBCB-38175587E2CB}.Release|iPhoneSimulator.Build.0 = Release|iPhoneSimulator
		{AD77C73C-02CE-4471-BBCB-38175587E2CB}.Release|iPhoneSimulator.Deploy.0 = Release|iPhoneSimulator
		{940B4A7B-B83C-4F78-912B-7334DBFC1639}.Debug|Any CPU.ActiveCfg = Debug|Any CPU
		{940B4A7B-B83C-4F78-912B-7334DBFC1639}.Debug|Any CPU.Build.0 = Debug|Any CPU
		{940B4A7B-B83C-4F78-912B-7334DBFC1639}.Debug|Any CPU.Deploy.0 = Debug|Any CPU
		{940B4A7B-B83C-4F78-912B-7334DBFC1639}.Debug|iPhone.ActiveCfg = Debug|Any CPU
		{940B4A7B-B83C-4F78-912B-7334DBFC1639}.Debug|iPhone.Build.0 = Debug|Any CPU
		{940B4A7B-B83C-4F78-912B-7334DBFC1639}.Debug|iPhone.Deploy.0 = Debug|Any CPU
		{940B4A7B-B83C-4F78-912B-7334DBFC1639}.Debug|iPhoneSimulator.ActiveCfg = Debug|Any CPU
		{940B4A7B-B83C-4F78-912B-7334DBFC1639}.Debug|iPhoneSimulator.Build.0 = Debug|Any CPU
		{940B4A7B-B83C-4F78-912B-7334DBFC1639}.Debug|iPhoneSimulator.Deploy.0 = Debug|Any CPU
		{940B4A7B-B83C-4F78-912B-7334DBFC1639}.Release|Any CPU.ActiveCfg = Release|Any CPU
		{940B4A7B-B83C-4F78-912B-7334DBFC1639}.Release|Any CPU.Build.0 = Release|Any CPU
		{940B4A7B-B83C-4F78-912B-7334DBFC1639}.Release|Any CPU.Deploy.0 = Release|Any CPU
		{940B4A7B-B83C-4F78-912B-7334DBFC1639}.Release|iPhone.ActiveCfg = Release|Any CPU
		{940B4A7B-B83C-4F78-912B-7334DBFC1639}.Release|iPhone.Build.0 = Release|Any CPU
		{940B4A7B-B83C-4F78-912B-7334DBFC1639}.Release|iPhone.Deploy.0 = Release|Any CPU
		{940B4A7B-B83C-4F78-912B-7334DBFC1639}.Release|iPhoneSimulator.ActiveCfg = Release|Any CPU
		{940B4A7B-B83C-4F78-912B-7334DBFC1639}.Release|iPhoneSimulator.Build.0 = Release|Any CPU
		{940B4A7B-B83C-4F78-912B-7334DBFC1639}.Release|iPhoneSimulator.Deploy.0 = Release|Any CPU
	EndGlobalSection
	GlobalSection(SolutionProperties) = preSolution
		HideSolutionNode = FALSE
	EndGlobalSection
	GlobalSection(ExtensibilityGlobals) = postSolution
		SolutionGuid = {62FC94E2-495A-48DE-A279-65574D1C8983}
	EndGlobalSection
EndGlobal
