
Microsoft Visual Studio Solution File, Format Version 12.00
# Visual Studio Version 17
VisualStudioVersion = 17.8.34330.188
MinimumVisualStudioVersion = 10.0.40219.1
Project("{FAE04EC0-301F-11D3-BF4B-00C04F79EFBC}") = "SQLite.Android", "SQLite\SQLite.Android\SQLite.Android.csproj", "{FB90A50B-04DC-4DFA-B849-B0E1E834C0A7}"
EndProject
Project("{FAE04EC0-301F-11D3-BF4B-00C04F79EFBC}") = "SQLite.iOS", "SQLite\SQLite.iOS\SQLite.iOS.csproj", "{9CC57622-463B-4C34-98DA-A20111AA607E}"
EndProject
Project("{FAE04EC0-301F-11D3-BF4B-00C04F79EFBC}") = "SQLite", "SQLite\SQLite\SQLite.csproj", "{5EBE8131-D7AC-45E6-9DC2-A83BBC594749}"
EndProject
Global
	GlobalSection(SolutionConfigurationPlatforms) = preSolution
		Debug|Any CPU = Debug|Any CPU
		Debug|iPhone = Debug|iPhone
		Debug|iPhoneSimulator = Debug|iPhoneSimulator
		Release|Any CPU = Release|Any CPU
		Release|iPhone = Release|iPhone
		Release|iPhoneSimulator = Release|iPhoneSimulator
	EndGlobalSection
	GlobalSection(ProjectConfigurationPlatforms) = postSolution
		{FB90A50B-04DC-4DFA-B849-B0E1E834C0A7}.Debug|Any CPU.ActiveCfg = Debug|Any CPU
		{FB90A50B-04DC-4DFA-B849-B0E1E834C0A7}.Debug|Any CPU.Build.0 = Debug|Any CPU
		{FB90A50B-04DC-4DFA-B849-B0E1E834C0A7}.Debug|Any CPU.Deploy.0 = Debug|Any CPU
		{FB90A50B-04DC-4DFA-B849-B0E1E834C0A7}.Debug|iPhone.ActiveCfg = Debug|Any CPU
		{FB90A50B-04DC-4DFA-B849-B0E1E834C0A7}.Debug|iPhone.Build.0 = Debug|Any CPU
		{FB90A50B-04DC-4DFA-B849-B0E1E834C0A7}.Debug|iPhone.Deploy.0 = Debug|Any CPU
		{FB90A50B-04DC-4DFA-B849-B0E1E834C0A7}.Debug|iPhoneSimulator.ActiveCfg = Debug|Any CPU
		{FB90A50B-04DC-4DFA-B849-B0E1E834C0A7}.Debug|iPhoneSimulator.Build.0 = Debug|Any CPU
		{FB90A50B-04DC-4DFA-B849-B0E1E834C0A7}.Debug|iPhoneSimulator.Deploy.0 = Debug|Any CPU
		{FB90A50B-04DC-4DFA-B849-B0E1E834C0A7}.Release|Any CPU.ActiveCfg = Release|Any CPU
		{FB90A50B-04DC-4DFA-B849-B0E1E834C0A7}.Release|Any CPU.Build.0 = Release|Any CPU
		{FB90A50B-04DC-4DFA-B849-B0E1E834C0A7}.Release|Any CPU.Deploy.0 = Release|Any CPU
		{FB90A50B-04DC-4DFA-B849-B0E1E834C0A7}.Release|iPhone.ActiveCfg = Release|Any CPU
		{FB90A50B-04DC-4DFA-B849-B0E1E834C0A7}.Release|iPhone.Build.0 = Release|Any CPU
		{FB90A50B-04DC-4DFA-B849-B0E1E834C0A7}.Release|iPhone.Deploy.0 = Release|Any CPU
		{FB90A50B-04DC-4DFA-B849-B0E1E834C0A7}.Release|iPhoneSimulator.ActiveCfg = Release|Any CPU
		{FB90A50B-04DC-4DFA-B849-B0E1E834C0A7}.Release|iPhoneSimulator.Build.0 = Release|Any CPU
		{FB90A50B-04DC-4DFA-B849-B0E1E834C0A7}.Release|iPhoneSimulator.Deploy.0 = Release|Any CPU
		{9CC57622-463B-4C34-98DA-A20111AA607E}.Debug|Any CPU.ActiveCfg = Debug|iPhone
		{9CC57622-463B-4C34-98DA-A20111AA607E}.Debug|Any CPU.Build.0 = Debug|iPhone
		{9CC57622-463B-4C34-98DA-A20111AA607E}.Debug|Any CPU.Deploy.0 = Debug|iPhone
		{9CC57622-463B-4C34-98DA-A20111AA607E}.Debug|iPhone.ActiveCfg = Debug|iPhone
		{9CC57622-463B-4C34-98DA-A20111AA607E}.Debug|iPhone.Build.0 = Debug|iPhone
		{9CC57622-463B-4C34-98DA-A20111AA607E}.Debug|iPhone.Deploy.0 = Debug|iPhone
		{9CC57622-463B-4C34-98DA-A20111AA607E}.Debug|iPhoneSimulator.ActiveCfg = Debug|iPhoneSimulator
		{9CC57622-463B-4C34-98DA-A20111AA607E}.Debug|iPhoneSimulator.Build.0 = Debug|iPhoneSimulator
		{9CC57622-463B-4C34-98DA-A20111AA607E}.Debug|iPhoneSimulator.Deploy.0 = Debug|iPhoneSimulator
		{9CC57622-463B-4C34-98DA-A20111AA607E}.Release|Any CPU.ActiveCfg = Release|iPhoneSimulator
		{9CC57622-463B-4C34-98DA-A20111AA607E}.Release|Any CPU.Build.0 = Release|iPhoneSimulator
		{9CC57622-463B-4C34-98DA-A20111AA607E}.Release|Any CPU.Deploy.0 = Release|iPhoneSimulator
		{9CC57622-463B-4C34-98DA-A20111AA607E}.Release|iPhone.ActiveCfg = Release|iPhone
		{9CC57622-463B-4C34-98DA-A20111AA607E}.Release|iPhone.Build.0 = Release|iPhone
		{9CC57622-463B-4C34-98DA-A20111AA607E}.Release|iPhone.Deploy.0 = Release|iPhone
		{9CC57622-463B-4C34-98DA-A20111AA607E}.Release|iPhoneSimulator.ActiveCfg = Release|iPhoneSimulator
		{9CC57622-463B-4C34-98DA-A20111AA607E}.Release|iPhoneSimulator.Build.0 = Release|iPhoneSimulator
		{9CC57622-463B-4C34-98DA-A20111AA607E}.Release|iPhoneSimulator.Deploy.0 = Release|iPhoneSimulator
		{5EBE8131-D7AC-45E6-9DC2-A83BBC594749}.Debug|Any CPU.ActiveCfg = Debug|Any CPU
		{5EBE8131-D7AC-45E6-9DC2-A83BBC594749}.Debug|Any CPU.Build.0 = Debug|Any CPU
		{5EBE8131-D7AC-45E6-9DC2-A83BBC594749}.Debug|Any CPU.Deploy.0 = Debug|Any CPU
		{5EBE8131-D7AC-45E6-9DC2-A83BBC594749}.Debug|iPhone.ActiveCfg = Debug|Any CPU
		{5EBE8131-D7AC-45E6-9DC2-A83BBC594749}.Debug|iPhone.Build.0 = Debug|Any CPU
		{5EBE8131-D7AC-45E6-9DC2-A83BBC594749}.Debug|iPhone.Deploy.0 = Debug|Any CPU
		{5EBE8131-D7AC-45E6-9DC2-A83BBC594749}.Debug|iPhoneSimulator.ActiveCfg = Debug|Any CPU
		{5EBE8131-D7AC-45E6-9DC2-A83BBC594749}.Debug|iPhoneSimulator.Build.0 = Debug|Any CPU
		{5EBE8131-D7AC-45E6-9DC2-A83BBC594749}.Debug|iPhoneSimulator.Deploy.0 = Debug|Any CPU
		{5EBE8131-D7AC-45E6-9DC2-A83BBC594749}.Release|Any CPU.ActiveCfg = Release|Any CPU
		{5EBE8131-D7AC-45E6-9DC2-A83BBC594749}.Release|Any CPU.Build.0 = Release|Any CPU
		{5EBE8131-D7AC-45E6-9DC2-A83BBC594749}.Release|Any CPU.Deploy.0 = Release|Any CPU
		{5EBE8131-D7AC-45E6-9DC2-A83BBC594749}.Release|iPhone.ActiveCfg = Release|Any CPU
		{5EBE8131-D7AC-45E6-9DC2-A83BBC594749}.Release|iPhone.Build.0 = Release|Any CPU
		{5EBE8131-D7AC-45E6-9DC2-A83BBC594749}.Release|iPhone.Deploy.0 = Release|Any CPU
		{5EBE8131-D7AC-45E6-9DC2-A83BBC594749}.Release|iPhoneSimulator.ActiveCfg = Release|Any CPU
		{5EBE8131-D7AC-45E6-9DC2-A83BBC594749}.Release|iPhoneSimulator.Build.0 = Release|Any CPU
		{5EBE8131-D7AC-45E6-9DC2-A83BBC594749}.Release|iPhoneSimulator.Deploy.0 = Release|Any CPU
	EndGlobalSection
	GlobalSection(SolutionProperties) = preSolution
		HideSolutionNode = FALSE
	EndGlobalSection
	GlobalSection(ExtensibilityGlobals) = postSolution
		SolutionGuid = {6FD7645F-32DE-4866-B8FE-552A5780B8CB}
	EndGlobalSection
EndGlobal
